// !$*UTF8*$!
{
	archiveVersion = 1;
	classes = {
	};
	objectVersion = 50;
	objects = {

/* Begin PBXBuildFile section */
		4BE2E9D1230A636B00F77D38 /* AppDelegate.swift in Sources */ = {isa = PBXBuildFile; fileRef = 4BE2E9D0230A636B00F77D38 /* AppDelegate.swift */; };
		4BE2E9D3230A636B00F77D38 /* SceneDelegate.swift in Sources */ = {isa = PBXBuildFile; fileRef = 4BE2E9D2230A636B00F77D38 /* SceneDelegate.swift */; };
		4BE2E9D5230A636B00F77D38 /* ViewController.swift in Sources */ = {isa = PBXBuildFile; fileRef = 4BE2E9D4230A636B00F77D38 /* ViewController.swift */; };
		4BE2E9D8230A636B00F77D38 /* Main.storyboard in Resources */ = {isa = PBXBuildFile; fileRef = 4BE2E9D6230A636B00F77D38 /* Main.storyboard */; };
		4BE2E9DA230A637000F77D38 /* Assets.xcassets in Resources */ = {isa = PBXBuildFile; fileRef = 4BE2E9D9230A637000F77D38 /* Assets.xcassets */; };
		4BE2E9DD230A637000F77D38 /* LaunchScreen.storyboard in Resources */ = {isa = PBXBuildFile; fileRef = 4BE2E9DB230A637000F77D38 /* LaunchScreen.storyboard */; };
		4BE2E9E6230A644C00F77D38 /* Networking.framework in Frameworks */ = {isa = PBXBuildFile; fileRef = 4BE2E9E5230A644C00F77D38 /* Networking.framework */; };
		4BE2E9E7230A644D00F77D38 /* Networking.framework in Embed Frameworks */ = {isa = PBXBuildFile; fileRef = 4BE2E9E5230A644C00F77D38 /* Networking.framework */; settings = {ATTRIBUTES = (CodeSignOnCopy, RemoveHeadersOnCopy, ); }; };
/* End PBXBuildFile section */

/* Begin PBXCopyFilesBuildPhase section */
		4BE2E9E8230A644D00F77D38 /* Embed Frameworks */ = {
			isa = PBXCopyFilesBuildPhase;
			buildActionMask = 2147483647;
			dstPath = "";
			dstSubfolderSpec = 10;
			files = (
				4BE2E9E7230A644D00F77D38 /* Networking.framework in Embed Frameworks */,
			);
			name = "Embed Frameworks";
			runOnlyForDeploymentPostprocessing = 0;
		};
/* End PBXCopyFilesBuildPhase section */

/* Begin PBXFileReference section */
		4BE2E9CD230A636B00F77D38 /* NetworkingExample.app */ = {isa = PBXFileReference; explicitFileType = wrapper.application; includeInIndex = 0; path = NetworkingExample.app; sourceTree = BUILT_PRODUCTS_DIR; };
		4BE2E9D0230A636B00F77D38 /* AppDelegate.swift */ = {isa = PBXFileReference; lastKnownFileType = sourcecode.swift; path = AppDelegate.swift; sourceTree = "<group>"; };
		4BE2E9D2230A636B00F77D38 /* SceneDelegate.swift */ = {isa = PBXFileReference; lastKnownFileType = sourcecode.swift; path = SceneDelegate.swift; sourceTree = "<group>"; };
		4BE2E9D4230A636B00F77D38 /* ViewController.swift */ = {isa = PBXFileReference; lastKnownFileType = sourcecode.swift; path = ViewController.swift; sourceTree = "<group>"; };
		4BE2E9D7230A636B00F77D38 /* Base */ = {isa = PBXFileReference; lastKnownFileType = file.storyboard; name = Base; path = Base.lproj/Main.storyboard; sourceTree = "<group>"; };
		4BE2E9D9230A637000F77D38 /* Assets.xcassets */ = {isa = PBXFileReference; lastKnownFileType = folder.assetcatalog; path = Assets.xcassets; sourceTree = "<group>"; };
		4BE2E9DC230A637000F77D38 /* Base */ = {isa = PBXFileReference; lastKnownFileType = file.storyboard; name = Base; path = Base.lproj/LaunchScreen.storyboard; sourceTree = "<group>"; };
		4BE2E9DE230A637000F77D38 /* Info.plist */ = {isa = PBXFileReference; lastKnownFileType = text.plist.xml; path = Info.plist; sourceTree = "<group>"; };
		4BE2E9E5230A644C00F77D38 /* Networking.framework */ = {isa = PBXFileReference; explicitFileType = wrapper.framework; path = Networking.framework; sourceTree = BUILT_PRODUCTS_DIR; };
/* End PBXFileReference section */

/* Begin PBXFrameworksBuildPhase section */
		4BE2E9CA230A636B00F77D38 /* Frameworks */ = {
			isa = PBXFrameworksBuildPhase;
			buildActionMask = 2147483647;
			files = (
				4BE2E9E6230A644C00F77D38 /* Networking.framework in Frameworks */,
			);
			runOnlyForDeploymentPostprocessing = 0;
		};
/* End PBXFrameworksBuildPhase section */

/* Begin PBXGroup section */
		4BE2E9C4230A636B00F77D38 = {
			isa = PBXGroup;
			children = (
				4BE2E9CF230A636B00F77D38 /* NetworkingExample */,
				4BE2E9CE230A636B00F77D38 /* Products */,
				4BE2E9E4230A644C00F77D38 /* Frameworks */,
			);
			sourceTree = "<group>";
		};
		4BE2E9CE230A636B00F77D38 /* Products */ = {
			isa = PBXGroup;
			children = (
				4BE2E9CD230A636B00F77D38 /* NetworkingExample.app */,
			);
			name = Products;
			sourceTree = "<group>";
		};
		4BE2E9CF230A636B00F77D38 /* NetworkingExample */ = {
			isa = PBXGroup;
			children = (
				4BE2E9D0230A636B00F77D38 /* AppDelegate.swift */,
				4BE2E9D2230A636B00F77D38 /* SceneDelegate.swift */,
				4BE2E9D4230A636B00F77D38 /* ViewController.swift */,
				4BE2E9D6230A636B00F77D38 /* Main.storyboard */,
				4BE2E9D9230A637000F77D38 /* Assets.xcassets */,
				4BE2E9DB230A637000F77D38 /* LaunchScreen.storyboard */,
				4BE2E9DE230A637000F77D38 /* Info.plist */,
			);
			path = NetworkingExample;
			sourceTree = "<group>";
		};
		4BE2E9E4230A644C00F77D38 /* Frameworks */ = {
			isa = PBXGroup;
			children = (
				4BE2E9E5230A644C00F77D38 /* Networking.framework */,
			);
			name = Frameworks;
			sourceTree = "<group>";
		};
/* End PBXGroup section */

/* Begin PBXNativeTarget section */
		4BE2E9CC230A636B00F77D38 /* NetworkingExample */ = {
			isa = PBXNativeTarget;
			buildConfigurationList = 4BE2E9E1230A637000F77D38 /* Build configuration list for PBXNativeTarget "NetworkingExample" */;
			buildPhases = (
				4BE2E9C9230A636B00F77D38 /* Sources */,
				4BE2E9CA230A636B00F77D38 /* Frameworks */,
				4BE2E9CB230A636B00F77D38 /* Resources */,
				4BE2E9E8230A644D00F77D38 /* Embed Frameworks */,
			);
			buildRules = (
			);
			dependencies = (
			);
			name = NetworkingExample;
			productName = NetworkingExample;
			productReference = 4BE2E9CD230A636B00F77D38 /* NetworkingExample.app */;
			productType = "com.apple.product-type.application";
		};
/* End PBXNativeTarget section */

/* Begin PBXProject section */
		4BE2E9C5230A636B00F77D38 /* Project object */ = {
			isa = PBXProject;
			attributes = {
				LastSwiftUpdateCheck = 1100;
				LastUpgradeCheck = 1100;
				ORGANIZATIONNAME = "李昇輯";
				TargetAttributes = {
					4BE2E9CC230A636B00F77D38 = {
						CreatedOnToolsVersion = 11.0;
					};
				};
			};
			buildConfigurationList = 4BE2E9C8230A636B00F77D38 /* Build configuration list for PBXProject "NetworkingExample" */;
			compatibilityVersion = "Xcode 9.3";
			developmentRegion = en;
			hasScannedForEncodings = 0;
			knownRegions = (
				en,
				Base,
			);
			mainGroup = 4BE2E9C4230A636B00F77D38;
			productRefGroup = 4BE2E9CE230A636B00F77D38 /* Products */;
			projectDirPath = "";
			projectRoot = "";
			targets = (
				4BE2E9CC230A636B00F77D38 /* NetworkingExample */,
			);
		};
/* End PBXProject section */

/* Begin PBXResourcesBuildPhase section */
		4BE2E9CB230A636B00F77D38 /* Resources */ = {
			isa = PBXResourcesBuildPhase;
			buildActionMask = 2147483647;
			files = (
				4BE2E9DD230A637000F77D38 /* LaunchScreen.storyboard in Resources */,
				4BE2E9DA230A637000F77D38 /* Assets.xcassets in Resources */,
				4BE2E9D8230A636B00F77D38 /* Main.storyboard in Resources */,
			);
			runOnlyForDeploymentPostprocessing = 0;
		};
/* End PBXResourcesBuildPhase section */

/* Begin PBXSourcesBuildPhase section */
		4BE2E9C9230A636B00F77D38 /* Sources */ = {
			isa = PBXSourcesBuildPhase;
			buildActionMask = 2147483647;
			files = (
				4BE2E9D5230A636B00F77D38 /* ViewController.swift in Sources */,
				4BE2E9D1230A636B00F77D38 /* AppDelegate.swift in Sources */,
				4BE2E9D3230A636B00F77D38 /* SceneDelegate.swift in Sources */,
			);
			runOnlyForDeploymentPostprocessing = 0;
		};
/* End PBXSourcesBuildPhase section */

/* Begin PBXVariantGroup section */
		4BE2E9D6230A636B00F77D38 /* Main.storyboard */ = {
			isa = PBXVariantGroup;
			children = (
				4BE2E9D7230A636B00F77D38 /* Base */,
			);
			name = Main.storyboard;
			sourceTree = "<group>";
		};
		4BE2E9DB230A637000F77D38 /* LaunchScreen.storyboard */ = {
			isa = PBXVariantGroup;
			children = (
				4BE2E9DC230A637000F77D38 /* Base */,
			);
			name = LaunchScreen.storyboard;
			sourceTree = "<group>";
		};
/* End PBXVariantGroup section */

/* Begin XCBuildConfiguration section */
		4BE2E9DF230A637000F77D38 /* Debug */ = {
			isa = XCBuildConfiguration;
			buildSettings = {
				ALWAYS_SEARCH_USER_PATHS = NO;
				CLANG_ANALYZER_NONNULL = YES;
				CLANG_ANALYZER_NUMBER_OBJECT_CONVERSION = YES_AGGRESSIVE;
				CLANG_CXX_LANGUAGE_STANDARD = "gnu++14";
				CLANG_CXX_LIBRARY = "libc++";
				CLANG_ENABLE_MODULES = YES;
				CLANG_ENABLE_OBJC_ARC = YES;
				CLANG_ENABLE_OBJC_WEAK = YES;
				CLANG_WARN_BLOCK_CAPTURE_AUTORELEASING = YES;
				CLANG_WARN_BOOL_CONVERSION = YES;
				CLANG_WARN_COMMA = YES;
				CLANG_WARN_CONSTANT_CONVERSION = YES;
				CLANG_WARN_DEPRECATED_OBJC_IMPLEMENTATIONS = YES;
				CLANG_WARN_DIRECT_OBJC_ISA_USAGE = YES_ERROR;
				CLANG_WARN_DOCUMENTATION_COMMENTS = YES;
				CLANG_WARN_EMPTY_BODY = YES;
				CLANG_WARN_ENUM_CONVERSION = YES;
				CLANG_WARN_INFINITE_RECURSION = YES;
				CLANG_WARN_INT_CONVERSION = YES;
				CLANG_WARN_NON_LITERAL_NULL_CONVERSION = YES;
				CLANG_WARN_OBJC_IMPLICIT_RETAIN_SELF = YES;
				CLANG_WARN_OBJC_LITERAL_CONVERSION = YES;
				CLANG_WARN_OBJC_ROOT_CLASS = YES_ERROR;
				CLANG_WARN_RANGE_LOOP_ANALYSIS = YES;
				CLANG_WARN_STRICT_PROTOTYPES = YES;
				CLANG_WARN_SUSPICIOUS_MOVE = YES;
				CLANG_WARN_UNGUARDED_AVAILABILITY = YES_AGGRESSIVE;
				CLANG_WARN_UNREACHABLE_CODE = YES;
				CLANG_WARN__DUPLICATE_METHOD_MATCH = YES;
				COPY_PHASE_STRIP = NO;
				DEBUG_INFORMATION_FORMAT = dwarf;
				ENABLE_STRICT_OBJC_MSGSEND = YES;
				ENABLE_TESTABILITY = YES;
				GCC_C_LANGUAGE_STANDARD = gnu11;
				GCC_DYNAMIC_NO_PIC = NO;
				GCC_NO_COMMON_BLOCKS = YES;
				GCC_OPTIMIZATION_LEVEL = 0;
				GCC_PREPROCESSOR_DEFINITIONS = (
					"DEBUG=1",
					"$(inherited)",
				);
				GCC_WARN_64_TO_32_BIT_CONVERSION = YES;
				GCC_WARN_ABOUT_RETURN_TYPE = YES_ERROR;
				GCC_WARN_UNDECLARED_SELECTOR = YES;
				GCC_WARN_UNINITIALIZED_AUTOS = YES_AGGRESSIVE;
				GCC_WARN_UNUSED_FUNCTION = YES;
				GCC_WARN_UNUSED_VARIABLE = YES;
				IPHONEOS_DEPLOYMENT_TARGET = 13.0;
				MTL_ENABLE_DEBUG_INFO = INCLUDE_SOURCE;
				MTL_FAST_MATH = YES;
				ONLY_ACTIVE_ARCH = YES;
				SDKROOT = iphoneos;
				SWIFT_ACTIVE_COMPILATION_CONDITIONS = DEBUG;
				SWIFT_OPTIMIZATION_LEVEL = "-Onone";
			};
			name = Debug;
		};
		4BE2E9E0230A637000F77D38 /* Release */ = {
			isa = XCBuildConfiguration;
			buildSettings = {
				ALWAYS_SEARCH_USER_PATHS = NO;
				CLANG_ANALYZER_NONNULL = YES;
				CLANG_ANALYZER_NUMBER_OBJECT_CONVERSION = YES_AGGRESSIVE;
				CLANG_CXX_LANGUAGE_STANDARD = "gnu++14";
				CLANG_CXX_LIBRARY = "libc++";
				CLANG_ENABLE_MODULES = YES;
				CLANG_ENABLE_OBJC_ARC = YES;
				CLANG_ENABLE_OBJC_WEAK = YES;
				CLANG_WARN_BLOCK_CAPTURE_AUTORELEASING = YES;
				CLANG_WARN_BOOL_CONVERSION = YES;
				CLANG_WARN_COMMA = YES;
				CLANG_WARN_CONSTANT_CONVERSION = YES;
				CLANG_WARN_DEPRECATED_OBJC_IMPLEMENTATIONS = YES;
				CLANG_WARN_DIRECT_OBJC_ISA_USAGE = YES_ERROR;
				CLANG_WARN_DOCUMENTATION_COMMENTS = YES;
				CLANG_WARN_EMPTY_BODY = YES;
				CLANG_WARN_ENUM_CONVERSION = YES;
				CLANG_WARN_INFINITE_RECURSION = YES;
				CLANG_WARN_INT_CONVERSION = YES;
				CLANG_WARN_NON_LITERAL_NULL_CONVERSION = YES;
				CLANG_WARN_OBJC_IMPLICIT_RETAIN_SELF = YES;
				CLANG_WARN_OBJC_LITERAL_CONVERSION = YES;
				CLANG_WARN_OBJC_ROOT_CLASS = YES_ERROR;
				CLANG_WARN_RANGE_LOOP_ANALYSIS = YES;
				CLANG_WARN_STRICT_PROTOTYPES = YES;
				CLANG_WARN_SUSPICIOUS_MOVE = YES;
				CLANG_WARN_UNGUARDED_AVAILABILITY = YES_AGGRESSIVE;
				CLANG_WARN_UNREACHABLE_CODE = YES;
				CLANG_WARN__DUPLICATE_METHOD_MATCH = YES;
				COPY_PHASE_STRIP = NO;
				DEBUG_INFORMATION_FORMAT = "dwarf-with-dsym";
				ENABLE_NS_ASSERTIONS = NO;
				ENABLE_STRICT_OBJC_MSGSEND = YES;
				GCC_C_LANGUAGE_STANDARD = gnu11;
				GCC_NO_COMMON_BLOCKS = YES;
				GCC_WARN_64_TO_32_BIT_CONVERSION = YES;
				GCC_WARN_ABOUT_RETURN_TYPE = YES_ERROR;
				GCC_WARN_UNDECLARED_SELECTOR = YES;
				GCC_WARN_UNINITIALIZED_AUTOS = YES_AGGRESSIVE;
				GCC_WARN_UNUSED_FUNCTION = YES;
				GCC_WARN_UNUSED_VARIABLE = YES;
				IPHONEOS_DEPLOYMENT_TARGET = 13.0;
				MTL_ENABLE_DEBUG_INFO = NO;
				MTL_FAST_MATH = YES;
				SDKROOT = iphoneos;
				SWIFT_COMPILATION_MODE = wholemodule;
				SWIFT_OPTIMIZATION_LEVEL = "-O";
				VALIDATE_PRODUCT = YES;
			};
			name = Release;
		};
		4BE2E9E2230A637000F77D38 /* Debug */ = {
			isa = XCBuildConfiguration;
			buildSettings = {
				ASSETCATALOG_COMPILER_APPICON_NAME = AppIcon;
				CODE_SIGN_STYLE = Automatic;
				DEVELOPMENT_TEAM = KJP5VZ2QJA;
				INFOPLIST_FILE = NetworkingExample/Info.plist;
				LD_RUNPATH_SEARCH_PATHS = (
					"$(inherited)",
					"@executable_path/Frameworks",
				);
				PRODUCT_BUNDLE_IDENTIFIER = com.prime.NetworkingExample;
				PRODUCT_NAME = "$(TARGET_NAME)";
				SWIFT_VERSION = 5.0;
				TARGETED_DEVICE_FAMILY = "1,2";
			};
			name = Debug;
		};
		4BE2E9E3230A637000F77D38 /* Release */ = {
			isa = XCBuildConfiguration;
			buildSettings = {
				ASSETCATALOG_COMPILER_APPICON_NAME = AppIcon;
				CODE_SIGN_STYLE = Automatic;
				DEVELOPMENT_TEAM = KJP5VZ2QJA;
				INFOPLIST_FILE = NetworkingExample/Info.plist;
				LD_RUNPATH_SEARCH_PATHS = (
					"$(inherited)",
					"@executable_path/Frameworks",
				);
				PRODUCT_BUNDLE_IDENTIFIER = com.prime.NetworkingExample;
				PRODUCT_NAME = "$(TARGET_NAME)";
				SWIFT_VERSION = 5.0;
				TARGETED_DEVICE_FAMILY = "1,2";
			};
			name = Release;
		};
/* End XCBuildConfiguration section */

/* Begin XCConfigurationList section */
		4BE2E9C8230A636B00F77D38 /* Build configuration list for PBXProject "NetworkingExample" */ = {
			isa = XCConfigurationList;
			buildConfigurations = (
				4BE2E9DF230A637000F77D38 /* Debug */,
				4BE2E9E0230A637000F77D38 /* Release */,
			);
			defaultConfigurationIsVisible = 0;
			defaultConfigurationName = Release;
		};
		4BE2E9E1230A637000F77D38 /* Build configuration list for PBXNativeTarget "NetworkingExample" */ = {
			isa = XCConfigurationList;
			buildConfigurations = (
				4BE2E9E2230A637000F77D38 /* Debug */,
				4BE2E9E3230A637000F77D38 /* Release */,
			);
			defaultConfigurationIsVisible = 0;
			defaultConfigurationName = Release;
		};
/* End XCConfigurationList section */
	};
	rootObject = 4BE2E9C5230A636B00F77D38 /* Project object */;
}
